{
  "name": "arras2-io-",
  "version": "1.0.0",
  "lockfileVersion": 3,
  "requires": true,
  "packages": {
    "": {
      "name": "arras2-io-",
      "version": "1.0.0",
      "license": "MIT",
      "dependencies": {
        "node-cmd": "^3.0.0",
        "ws": "^8.13.0"
      },
      "engines": {
        "node": "16.x"
      }
    },
    "node_modules/node-cmd": {
      "version": "3.0.0",
      "resolved": "https://registry.npmjs.org/node-cmd/-/node-cmd-3.0.0.tgz",
      "integrity": "sha512-SBvtm39iEkhEEDbUowR0O2YVaqpbD2nRvQ3fxXP/Tn1FgRpZAaUb8yKeEtFulBIv+xTHDodOKkj4EXIBANj+AQ=="
    },
    "node_modules/ws": {
      "version": "8.13.0",
      "resolved": "https://registry.npmjs.org/ws/-/ws-8.13.0.tgz",
      "integrity": "sha512-x9vcZYTrFPC7aSIbj7sRCYo7L/Xb8Iy+pW0ng0wt2vCJv7M9HOMy0UoN3rr+IFC7hb7vXoqS+P9ktyLLLhO+LA==",
      "engines": {
        "node": ">=10.0.0"
      },
      "peerDependencies": {
        "bufferutil": "^4.0.1",
        "utf-8-validate": ">=5.0.2"
      },
      "peerDependenciesMeta": {
        "bufferutil": {
          "optional": true
        },
        "utf-8-validate": {
          "optional": true
        }
      }
    }
  }
}
